{
  "version": 4,
  "terraform_version": "1.1.8",
  "serial": 5,
  "lineage": "1cf9e6e3-f0b1-ce53-99a6-d033f7901f04",
  "outputs": {},
  "resources": [
    {
      "module": "module.con-db",
      "mode": "managed",
      "type": "docker_container",
      "name": "con-db",
      "provider": "module.con-db.provider[\"registry.terraform.io/kreuzwerker/docker\"]",
      "instances": [
        {
          "schema_version": 2,
          "attributes": {
            "attach": false,
            "bridge": "",
            "capabilities": [],
            "command": [
              "mariadbd"
            ],
            "container_logs": null,
            "cpu_set": "",
            "cpu_shares": 0,
            "destroy_grace_seconds": null,
            "devices": [],
            "dns": null,
            "dns_opts": null,
            "dns_search": null,
            "domainname": "",
            "entrypoint": [
              "docker-entrypoint.sh"
            ],
            "env": [
              "MYSQL_ROOT_PASSWORD=12345"
            ],
            "exit_code": null,
            "gateway": "172.17.0.1",
            "group_add": null,
            "healthcheck": null,
            "host": [],
            "hostname": "db61b8696ed3",
            "id": "db61b8696ed3802907076a27f7de832e9a825729ad4e6d184633e532f5ad42d1",
            "image": "sha256:1e4c1f429e635d8c1784923637a10de31b92e47a5f7113f8c2ceef32fd7851a8",
            "init": false,
            "ip_address": "172.17.0.2",
            "ip_prefix_length": 16,
            "ipc_mode": "private",
            "labels": [],
            "links": null,
            "log_driver": "json-file",
            "log_opts": null,
            "logs": false,
            "max_retry_count": 0,
            "memory": 0,
            "memory_swap": 0,
            "mounts": [],
            "must_run": true,
            "name": "db",
            "network_alias": null,
            "network_data": [
              {
                "gateway": "172.17.0.1",
                "global_ipv6_address": "",
                "global_ipv6_prefix_length": 0,
                "ip_address": "172.17.0.2",
                "ip_prefix_length": 16,
                "ipv6_gateway": "",
                "network_name": "bridge"
              }
            ],
            "network_mode": "default",
            "networks": null,
            "networks_advanced": [],
            "pid_mode": "",
            "ports": [],
            "privileged": false,
            "publish_all_ports": false,
            "read_only": false,
            "remove_volumes": true,
            "restart": "no",
            "rm": false,
            "security_opts": [],
            "shm_size": 64,
            "start": true,
            "stdin_open": false,
            "storage_opts": null,
            "sysctls": null,
            "tmpfs": null,
            "tty": false,
            "ulimit": [],
            "upload": [],
            "user": "",
            "userns_mode": "",
            "volumes": [],
            "working_dir": ""
          },
          "sensitive_attributes": [],
          "private": "eyJzY2hlbWFfdmVyc2lvbiI6IjIifQ==",
          "dependencies": [
            "module.con-db.docker_image.img-db"
          ]
        }
      ]
    },
    {
      "module": "module.con-db",
      "mode": "managed",
      "type": "docker_image",
      "name": "img-db",
      "provider": "module.con-db.provider[\"registry.terraform.io/kreuzwerker/docker\"]",
      "instances": [
        {
          "schema_version": 0,
          "attributes": {
            "build": [],
            "force_remove": null,
            "id": "sha256:1e4c1f429e635d8c1784923637a10de31b92e47a5f7113f8c2ceef32fd7851a8shekeriev/bgapp-db",
            "keep_locally": null,
            "latest": "sha256:1e4c1f429e635d8c1784923637a10de31b92e47a5f7113f8c2ceef32fd7851a8",
            "name": "shekeriev/bgapp-db",
            "output": null,
            "pull_trigger": null,
            "pull_triggers": null,
            "repo_digest": "shekeriev/bgapp-db@sha256:8334bc69e051f062bf6c31a4ed6ad359635bcc7eb4c27db0be673755618fb00b"
          },
          "sensitive_attributes": [],
          "private": "bnVsbA=="
        }
      ]
    },
    {
      "module": "module.con-web",
      "mode": "managed",
      "type": "docker_container",
      "name": "con-web",
      "provider": "module.con-web.provider[\"registry.terraform.io/kreuzwerker/docker\"]",
      "instances": [
        {
          "schema_version": 2,
          "attributes": {
            "attach": false,
            "bridge": "",
            "capabilities": [],
            "command": [
              "apache2-foreground"
            ],
            "container_logs": null,
            "cpu_set": "",
            "cpu_shares": 0,
            "destroy_grace_seconds": null,
            "devices": [],
            "dns": null,
            "dns_opts": null,
            "dns_search": null,
            "domainname": "",
            "entrypoint": [
              "docker-php-entrypoint"
            ],
            "env": [],
            "exit_code": null,
            "gateway": "172.17.0.1",
            "group_add": null,
            "healthcheck": null,
            "host": [],
            "hostname": "63e4a7f1934d",
            "id": "63e4a7f1934d89cb570ec33643ac782d843e4b77ef3b18fa61c1732a123e9f63",
            "image": "sha256:05f25baeedbcae9d708ba36e05ba230d4b537228afaf158a9cfc8f7447095b0f",
            "init": false,
            "ip_address": "172.17.0.3",
            "ip_prefix_length": 16,
            "ipc_mode": "private",
            "labels": [],
            "links": [
              "db:dob-mysql"
            ],
            "log_driver": "json-file",
            "log_opts": null,
            "logs": false,
            "max_retry_count": 0,
            "memory": 0,
            "memory_swap": 0,
            "mounts": [],
            "must_run": true,
            "name": "site",
            "network_alias": null,
            "network_data": [
              {
                "gateway": "172.17.0.1",
                "global_ipv6_address": "",
                "global_ipv6_prefix_length": 0,
                "ip_address": "172.17.0.3",
                "ip_prefix_length": 16,
                "ipv6_gateway": "",
                "network_name": "bridge"
              }
            ],
            "network_mode": "default",
            "networks": null,
            "networks_advanced": [],
            "pid_mode": "",
            "ports": [
              {
                "external": 80,
                "internal": 80,
                "ip": "0.0.0.0",
                "protocol": "tcp"
              }
            ],
            "privileged": false,
            "publish_all_ports": false,
            "read_only": false,
            "remove_volumes": true,
            "restart": "no",
            "rm": false,
            "security_opts": [],
            "shm_size": 64,
            "start": true,
            "stdin_open": false,
            "storage_opts": null,
            "sysctls": null,
            "tmpfs": null,
            "tty": false,
            "ulimit": [],
            "upload": [],
            "user": "",
            "userns_mode": "",
            "volumes": [
              {
                "container_path": "/var/www/html/",
                "from_container": "",
                "host_path": "/vagrant/project/web/",
                "read_only": null,
                "volume_name": ""
              }
            ],
            "working_dir": "/var/www/html"
          },
          "sensitive_attributes": [],
          "private": "eyJzY2hlbWFfdmVyc2lvbiI6IjIifQ==",
          "dependencies": [
            "module.con-db.docker_container.con-db",
            "module.con-db.docker_image.img-db",
            "module.con-web.docker_image.img-web"
          ]
        }
      ]
    },
    {
      "module": "module.con-web",
      "mode": "managed",
      "type": "docker_image",
      "name": "img-web",
      "provider": "module.con-web.provider[\"registry.terraform.io/kreuzwerker/docker\"]",
      "instances": [
        {
          "schema_version": 0,
          "attributes": {
            "build": [],
            "force_remove": null,
            "id": "sha256:05f25baeedbcae9d708ba36e05ba230d4b537228afaf158a9cfc8f7447095b0fshekeriev/bgapp-web",
            "keep_locally": null,
            "latest": "sha256:05f25baeedbcae9d708ba36e05ba230d4b537228afaf158a9cfc8f7447095b0f",
            "name": "shekeriev/bgapp-web",
            "output": null,
            "pull_trigger": null,
            "pull_triggers": null,
            "repo_digest": "shekeriev/bgapp-web@sha256:3662a85d72931857dc8fa84d7b14b27632d0096ac1a0de9b4a480e34a55ff913"
          },
          "sensitive_attributes": [],
          "private": "bnVsbA=="
        }
      ]
    }
  ]
}
